
Microsoft Visual Studio Solution File, Format Version 12.00
# Visual Studio 15
Project("{FAE04EC0-301F-11D3-BF4B-00C04F79EFBC}") = "Assembly-CSharp", "Assembly-CSharp.csproj", "{D36A142E-76AF-E83D-29E1-A594948B8FE5}"
EndProject
Project("{FAE04EC0-301F-11D3-BF4B-00C04F79EFBC}") = "Assembly-CSharp-Editor", "Assembly-CSharp-Editor.csproj", "{5EC6EB54-26B8-D5CC-2603-490ECC7AA0E3}"
EndProject
Global
	GlobalSection(SolutionConfigurationPlatforms) = preSolution
		Debug|Any CPU = Debug|Any CPU
		Release|Any CPU = Release|Any CPU
	EndGlobalSection
	GlobalSection(ProjectConfigurationPlatforms) = postSolution
		{D36A142E-76AF-E83D-29E1-A594948B8FE5}.Debug|Any CPU.ActiveCfg = Debug|Any CPU
		{D36A142E-76AF-E83D-29E1-A594948B8FE5}.Debug|Any CPU.Build.0 = Debug|Any CPU
		{D36A142E-76AF-E83D-29E1-A594948B8FE5}.Release|Any CPU.ActiveCfg = Release|Any CPU
		{D36A142E-76AF-E83D-29E1-A594948B8FE5}.Release|Any CPU.Build.0 = Release|Any CPU
		{5EC6EB54-26B8-D5CC-2603-490ECC7AA0E3}.Debug|Any CPU.ActiveCfg = Debug|Any CPU
		{5EC6EB54-26B8-D5CC-2603-490ECC7AA0E3}.Debug|Any CPU.Build.0 = Debug|Any CPU
		{5EC6EB54-26B8-D5CC-2603-490ECC7AA0E3}.Release|Any CPU.ActiveCfg = Release|Any CPU
		{5EC6EB54-26B8-D5CC-2603-490ECC7AA0E3}.Release|Any CPU.Build.0 = Release|Any CPU
	EndGlobalSection
	GlobalSection(SolutionProperties) = preSolution
		HideSolutionNode = FALSE
	EndGlobalSection
EndGlobal
